
Microsoft Visual Studio Solution File, Format Version 12.00
# Visual Studio Version 16
VisualStudioVersion = 16.0.31129.286
MinimumVisualStudioVersion = 10.0.40219.1
Project("{FAE04EC0-301F-11D3-BF4B-00C04F79EFBC}") = "CSE385_A_CORE", "CSE385_A_CORE.csproj", "{34C9E4BC-E405-490F-B681-951FC5E66815}"
EndProject
Global
	GlobalSection(SolutionConfigurationPlatforms) = preSolution
		Debug|Any CPU = Debug|Any CPU
		Release|Any CPU = Release|Any CPU
	EndGlobalSection
	GlobalSection(ProjectConfigurationPlatforms) = postSolution
		{34C9E4BC-E405-490F-B681-951FC5E66815}.Debug|Any CPU.ActiveCfg = Debug|Any CPU
		{34C9E4BC-E405-490F-B681-951FC5E66815}.Debug|Any CPU.Build.0 = Debug|Any CPU
		{34C9E4BC-E405-490F-B681-951FC5E66815}.Release|Any CPU.ActiveCfg = Release|Any CPU
		{34C9E4BC-E405-490F-B681-951FC5E66815}.Release|Any CPU.Build.0 = Release|Any CPU
	EndGlobalSection
	GlobalSection(SolutionProperties) = preSolution
		HideSolutionNode = FALSE
	EndGlobalSection
	GlobalSection(ExtensibilityGlobals) = postSolution
		SolutionGuid = {BEAD144F-06D5-41E4-80D2-B3135102266E}
	EndGlobalSection
EndGlobal
